// !$*UTF8*$!
{
	archiveVersion = 1;
	classes = {
	};
	objectVersion = 52;
	objects = {

/* Begin PBXBuildFile section */
		2B587F1107F66962B8169403 /* Pods_Volunteering_AppTests.framework in Frameworks */ = {isa = PBXBuildFile; fileRef = 22B96CBAEA721008DB770AD5 /* Pods_Volunteering_AppTests.framework */; };
		9A425C1B26430FA00049AD0B /* HomeView.swift in Sources */ = {isa = PBXBuildFile; fileRef = 9A425C1A26430FA00049AD0B /* HomeView.swift */; };
		9A425C322644B85B0049AD0B /* DateGrid in Frameworks */ = {isa = PBXBuildFile; productRef = 9A425C312644B85B0049AD0B /* DateGrid */; };
		9A5DD02025AB50E700592021 /* RoleEnum.swift in Sources */ = {isa = PBXBuildFile; fileRef = 9A5DD01F25AB50E700592021 /* RoleEnum.swift */; };
		9A5DD03B25AB5D2E00592021 /* User.swift in Sources */ = {isa = PBXBuildFile; fileRef = 9A5DD03A25AB5D2E00592021 /* User.swift */; };
		9A6276EB25C5BF7A00A5A242 /* Events.swift in Sources */ = {isa = PBXBuildFile; fileRef = 9A6276EA25C5BF7A00A5A242 /* Events.swift */; };
		9A6276F025C5C4E100A5A242 /* DetailedEventView.swift in Sources */ = {isa = PBXBuildFile; fileRef = 9A6276EF25C5C4E100A5A242 /* DetailedEventView.swift */; };
		9A662F0725C5BA7600DCC68D /* ProfileView.swift in Sources */ = {isa = PBXBuildFile; fileRef = 9A662F0625C5BA7600DCC68D /* ProfileView.swift */; };
		9A662F1725C5BCD600DCC68D /* CalenderView.swift in Sources */ = {isa = PBXBuildFile; fileRef = 9A662F1625C5BCD600DCC68D /* CalenderView.swift */; };
		9A8175B725D749A300491E0C /* StudentTasksView.swift in Sources */ = {isa = PBXBuildFile; fileRef = 9A8175B625D749A300491E0C /* StudentTasksView.swift */; };
		9A8175C725D752B800491E0C /* CreateEventView.swift in Sources */ = {isa = PBXBuildFile; fileRef = 9A8175C625D752B800491E0C /* CreateEventView.swift */; };
		9A9E0CA925A28D1A006BC509 /* AppDelegate.swift in Sources */ = {isa = PBXBuildFile; fileRef = 9A9E0CA825A28D1A006BC509 /* AppDelegate.swift */; };
		9A9E0CAB25A28D1A006BC509 /* SceneDelegate.swift in Sources */ = {isa = PBXBuildFile; fileRef = 9A9E0CAA25A28D1A006BC509 /* SceneDelegate.swift */; };
		9A9E0CAD25A28D1A006BC509 /* SelectionView.swift in Sources */ = {isa = PBXBuildFile; fileRef = 9A9E0CAC25A28D1A006BC509 /* SelectionView.swift */; };
		9A9E0CB025A28D1A006BC509 /* Volunteering_App.xcdatamodeld in Sources */ = {isa = PBXBuildFile; fileRef = 9A9E0CAE25A28D1A006BC509 /* Volunteering_App.xcdatamodeld */; };
		9A9E0CB225A28D1E006BC509 /* Assets.xcassets in Resources */ = {isa = PBXBuildFile; fileRef = 9A9E0CB125A28D1E006BC509 /* Assets.xcassets */; };
		9A9E0CB525A28D1E006BC509 /* Preview Assets.xcassets in Resources */ = {isa = PBXBuildFile; fileRef = 9A9E0CB425A28D1E006BC509 /* Preview Assets.xcassets */; };
		9A9E0CB825A28D1E006BC509 /* LaunchScreen.storyboard in Resources */ = {isa = PBXBuildFile; fileRef = 9A9E0CB625A28D1E006BC509 /* LaunchScreen.storyboard */; };
		9A9E0CC325A28D1F006BC509 /* Volunteering_AppTests.swift in Sources */ = {isa = PBXBuildFile; fileRef = 9A9E0CC225A28D1F006BC509 /* Volunteering_AppTests.swift */; };
		9A9E0CCE25A28D1F006BC509 /* Volunteering_AppUITests.swift in Sources */ = {isa = PBXBuildFile; fileRef = 9A9E0CCD25A28D1F006BC509 /* Volunteering_AppUITests.swift */; };
		9A9E0CDF25A28E85006BC509 /* LoginViewModel.swift in Sources */ = {isa = PBXBuildFile; fileRef = 9A9E0CDE25A28E85006BC509 /* LoginViewModel.swift */; };
		9A9E0CE425A28E90006BC509 /* LoginModel.swift in Sources */ = {isa = PBXBuildFile; fileRef = 9A9E0CE325A28E90006BC509 /* LoginModel.swift */; };
		9A9E0CE925A2914C006BC509 /* LoginView.swift in Sources */ = {isa = PBXBuildFile; fileRef = 9A9E0CE825A2914C006BC509 /* LoginView.swift */; };
		9A9E0CFC25A295B6006BC509 /* CreateAccountView.swift in Sources */ = {isa = PBXBuildFile; fileRef = 9A9E0CFB25A295B6006BC509 /* CreateAccountView.swift */; };
		9AEE69D825F449D600976AC9 /* EventsSort.swift in Sources */ = {isa = PBXBuildFile; fileRef = 9AEE69D725F449D600976AC9 /* EventsSort.swift */; };
		9AEE69DD25F5D93F00976AC9 /* GoogleService-Info.plist in Resources */ = {isa = PBXBuildFile; fileRef = 9AEE69DC25F5D93E00976AC9 /* GoogleService-Info.plist */; };
		A761AD1EF6222DF57B5857AD /* Pods_Volunteering_App_Volunteering_AppUITests.framework in Frameworks */ = {isa = PBXBuildFile; fileRef = 46009E3B5FFD41805F9AC214 /* Pods_Volunteering_App_Volunteering_AppUITests.framework */; };
		E3956DEF1B18D413FF571D29 /* Pods_Volunteering_App.framework in Frameworks */ = {isa = PBXBuildFile; fileRef = 536F579894520F511874A943 /* Pods_Volunteering_App.framework */; };
/* End PBXBuildFile section */

/* Begin PBXContainerItemProxy section */
		9A9E0CBF25A28D1F006BC509 /* PBXContainerItemProxy */ = {
			isa = PBXContainerItemProxy;
			containerPortal = 9A9E0C9D25A28D1A006BC509 /* Project object */;
			proxyType = 1;
			remoteGlobalIDString = 9A9E0CA425A28D1A006BC509;
			remoteInfo = "Volunteering App";
		};
		9A9E0CCA25A28D1F006BC509 /* PBXContainerItemProxy */ = {
			isa = PBXContainerItemProxy;
			containerPortal = 9A9E0C9D25A28D1A006BC509 /* Project object */;
			proxyType = 1;
			remoteGlobalIDString = 9A9E0CA425A28D1A006BC509;
			remoteInfo = "Volunteering App";
		};
/* End PBXContainerItemProxy section */

/* Begin PBXFileReference section */
		1F91A98D105BE4A40A60FB28 /* Pods-Volunteering App.debug.xcconfig */ = {isa = PBXFileReference; includeInIndex = 1; lastKnownFileType = text.xcconfig; name = "Pods-Volunteering App.debug.xcconfig"; path = "Target Support Files/Pods-Volunteering App/Pods-Volunteering App.debug.xcconfig"; sourceTree = "<group>"; };
		22B96CBAEA721008DB770AD5 /* Pods_Volunteering_AppTests.framework */ = {isa = PBXFileReference; explicitFileType = wrapper.framework; includeInIndex = 0; path = Pods_Volunteering_AppTests.framework; sourceTree = BUILT_PRODUCTS_DIR; };
		38891CE8AFD4CD62EF1F24BE /* Pods-Volunteering AppTests.debug.xcconfig */ = {isa = PBXFileReference; includeInIndex = 1; lastKnownFileType = text.xcconfig; name = "Pods-Volunteering AppTests.debug.xcconfig"; path = "Target Support Files/Pods-Volunteering AppTests/Pods-Volunteering AppTests.debug.xcconfig"; sourceTree = "<group>"; };
		46009E3B5FFD41805F9AC214 /* Pods_Volunteering_App_Volunteering_AppUITests.framework */ = {isa = PBXFileReference; explicitFileType = wrapper.framework; includeInIndex = 0; path = Pods_Volunteering_App_Volunteering_AppUITests.framework; sourceTree = BUILT_PRODUCTS_DIR; };
		536F579894520F511874A943 /* Pods_Volunteering_App.framework */ = {isa = PBXFileReference; explicitFileType = wrapper.framework; includeInIndex = 0; path = Pods_Volunteering_App.framework; sourceTree = BUILT_PRODUCTS_DIR; };
		67D6F1C1146382D3D5374C2F /* Pods-Volunteering AppTests.release.xcconfig */ = {isa = PBXFileReference; includeInIndex = 1; lastKnownFileType = text.xcconfig; name = "Pods-Volunteering AppTests.release.xcconfig"; path = "Target Support Files/Pods-Volunteering AppTests/Pods-Volunteering AppTests.release.xcconfig"; sourceTree = "<group>"; };
		9A425C1A26430FA00049AD0B /* HomeView.swift */ = {isa = PBXFileReference; lastKnownFileType = sourcecode.swift; path = HomeView.swift; sourceTree = "<group>"; };
		9A5DD01F25AB50E700592021 /* RoleEnum.swift */ = {isa = PBXFileReference; lastKnownFileType = sourcecode.swift; path = RoleEnum.swift; sourceTree = "<group>"; };
		9A5DD03A25AB5D2E00592021 /* User.swift */ = {isa = PBXFileReference; lastKnownFileType = sourcecode.swift; path = User.swift; sourceTree = "<group>"; };
		9A6276EA25C5BF7A00A5A242 /* Events.swift */ = {isa = PBXFileReference; lastKnownFileType = sourcecode.swift; path = Events.swift; sourceTree = "<group>"; };
		9A6276EF25C5C4E100A5A242 /* DetailedEventView.swift */ = {isa = PBXFileReference; lastKnownFileType = sourcecode.swift; path = DetailedEventView.swift; sourceTree = "<group>"; };
		9A662F0625C5BA7600DCC68D /* ProfileView.swift */ = {isa = PBXFileReference; lastKnownFileType = sourcecode.swift; path = ProfileView.swift; sourceTree = "<group>"; };
		9A662F1625C5BCD600DCC68D /* CalenderView.swift */ = {isa = PBXFileReference; lastKnownFileType = sourcecode.swift; path = CalenderView.swift; sourceTree = "<group>"; };
		9A8175B625D749A300491E0C /* StudentTasksView.swift */ = {isa = PBXFileReference; lastKnownFileType = sourcecode.swift; path = StudentTasksView.swift; sourceTree = "<group>"; };
		9A8175C625D752B800491E0C /* CreateEventView.swift */ = {isa = PBXFileReference; lastKnownFileType = sourcecode.swift; path = CreateEventView.swift; sourceTree = "<group>"; };
		9A9E0CA525A28D1A006BC509 /* Volunteering App.app */ = {isa = PBXFileReference; explicitFileType = wrapper.application; includeInIndex = 0; path = "Volunteering App.app"; sourceTree = BUILT_PRODUCTS_DIR; };
		9A9E0CA825A28D1A006BC509 /* AppDelegate.swift */ = {isa = PBXFileReference; lastKnownFileType = sourcecode.swift; path = AppDelegate.swift; sourceTree = "<group>"; };
		9A9E0CAA25A28D1A006BC509 /* SceneDelegate.swift */ = {isa = PBXFileReference; lastKnownFileType = sourcecode.swift; path = SceneDelegate.swift; sourceTree = "<group>"; };
		9A9E0CAC25A28D1A006BC509 /* SelectionView.swift */ = {isa = PBXFileReference; lastKnownFileType = sourcecode.swift; path = SelectionView.swift; sourceTree = "<group>"; };
		9A9E0CAF25A28D1A006BC509 /* Volunteering_App.xcdatamodel */ = {isa = PBXFileReference; lastKnownFileType = wrapper.xcdatamodel; path = Volunteering_App.xcdatamodel; sourceTree = "<group>"; };
		9A9E0CB125A28D1E006BC509 /* Assets.xcassets */ = {isa = PBXFileReference; lastKnownFileType = folder.assetcatalog; path = Assets.xcassets; sourceTree = "<group>"; };
		9A9E0CB425A28D1E006BC509 /* Preview Assets.xcassets */ = {isa = PBXFileReference; lastKnownFileType = folder.assetcatalog; path = "Preview Assets.xcassets"; sourceTree = "<group>"; };
		9A9E0CB725A28D1E006BC509 /* Base */ = {isa = PBXFileReference; lastKnownFileType = file.storyboard; name = Base; path = Base.lproj/LaunchScreen.storyboard; sourceTree = "<group>"; };
		9A9E0CB925A28D1E006BC509 /* Info.plist */ = {isa = PBXFileReference; lastKnownFileType = text.plist.xml; path = Info.plist; sourceTree = "<group>"; };
		9A9E0CBE25A28D1F006BC509 /* Volunteering AppTests.xctest */ = {isa = PBXFileReference; explicitFileType = wrapper.cfbundle; includeInIndex = 0; path = "Volunteering AppTests.xctest"; sourceTree = BUILT_PRODUCTS_DIR; };
		9A9E0CC225A28D1F006BC509 /* Volunteering_AppTests.swift */ = {isa = PBXFileReference; lastKnownFileType = sourcecode.swift; path = Volunteering_AppTests.swift; sourceTree = "<group>"; };
		9A9E0CC425A28D1F006BC509 /* Info.plist */ = {isa = PBXFileReference; lastKnownFileType = text.plist.xml; path = Info.plist; sourceTree = "<group>"; };
		9A9E0CC925A28D1F006BC509 /* Volunteering AppUITests.xctest */ = {isa = PBXFileReference; explicitFileType = wrapper.cfbundle; includeInIndex = 0; path = "Volunteering AppUITests.xctest"; sourceTree = BUILT_PRODUCTS_DIR; };
		9A9E0CCD25A28D1F006BC509 /* Volunteering_AppUITests.swift */ = {isa = PBXFileReference; lastKnownFileType = sourcecode.swift; path = Volunteering_AppUITests.swift; sourceTree = "<group>"; };
		9A9E0CCF25A28D1F006BC509 /* Info.plist */ = {isa = PBXFileReference; lastKnownFileType = text.plist.xml; path = Info.plist; sourceTree = "<group>"; };
		9A9E0CDE25A28E85006BC509 /* LoginViewModel.swift */ = {isa = PBXFileReference; lastKnownFileType = sourcecode.swift; path = LoginViewModel.swift; sourceTree = "<group>"; };
		9A9E0CE325A28E90006BC509 /* LoginModel.swift */ = {isa = PBXFileReference; lastKnownFileType = sourcecode.swift; path = LoginModel.swift; sourceTree = "<group>"; };
		9A9E0CE825A2914C006BC509 /* LoginView.swift */ = {isa = PBXFileReference; lastKnownFileType = sourcecode.swift; path = LoginView.swift; sourceTree = "<group>"; };
		9A9E0CFB25A295B6006BC509 /* CreateAccountView.swift */ = {isa = PBXFileReference; lastKnownFileType = sourcecode.swift; path = CreateAccountView.swift; sourceTree = "<group>"; };
		9AEE69D725F449D600976AC9 /* EventsSort.swift */ = {isa = PBXFileReference; lastKnownFileType = sourcecode.swift; path = EventsSort.swift; sourceTree = "<group>"; };
		9AEE69DC25F5D93E00976AC9 /* GoogleService-Info.plist */ = {isa = PBXFileReference; fileEncoding = 4; lastKnownFileType = text.plist.xml; path = "GoogleService-Info.plist"; sourceTree = "<group>"; };
		A168ADDD910B39B16C583247 /* Pods-Volunteering App-Volunteering AppUITests.debug.xcconfig */ = {isa = PBXFileReference; includeInIndex = 1; lastKnownFileType = text.xcconfig; name = "Pods-Volunteering App-Volunteering AppUITests.debug.xcconfig"; path = "Target Support Files/Pods-Volunteering App-Volunteering AppUITests/Pods-Volunteering App-Volunteering AppUITests.debug.xcconfig"; sourceTree = "<group>"; };
		C512302397A382A73D560BD2 /* Pods-Volunteering App-Volunteering AppUITests.release.xcconfig */ = {isa = PBXFileReference; includeInIndex = 1; lastKnownFileType = text.xcconfig; name = "Pods-Volunteering App-Volunteering AppUITests.release.xcconfig"; path = "Target Support Files/Pods-Volunteering App-Volunteering AppUITests/Pods-Volunteering App-Volunteering AppUITests.release.xcconfig"; sourceTree = "<group>"; };
		D77852387799955115EA2BA3 /* Pods-Volunteering App.release.xcconfig */ = {isa = PBXFileReference; includeInIndex = 1; lastKnownFileType = text.xcconfig; name = "Pods-Volunteering App.release.xcconfig"; path = "Target Support Files/Pods-Volunteering App/Pods-Volunteering App.release.xcconfig"; sourceTree = "<group>"; };
/* End PBXFileReference section */

/* Begin PBXFrameworksBuildPhase section */
		9A9E0CA225A28D1A006BC509 /* Frameworks */ = {
			isa = PBXFrameworksBuildPhase;
			buildActionMask = 2147483647;
			files = (
				9A425C322644B85B0049AD0B /* DateGrid in Frameworks */,
				E3956DEF1B18D413FF571D29 /* Pods_Volunteering_App.framework in Frameworks */,
			);
			runOnlyForDeploymentPostprocessing = 0;
		};
		9A9E0CBB25A28D1F006BC509 /* Frameworks */ = {
			isa = PBXFrameworksBuildPhase;
			buildActionMask = 2147483647;
			files = (
				2B587F1107F66962B8169403 /* Pods_Volunteering_AppTests.framework in Frameworks */,
			);
			runOnlyForDeploymentPostprocessing = 0;
		};
		9A9E0CC625A28D1F006BC509 /* Frameworks */ = {
			isa = PBXFrameworksBuildPhase;
			buildActionMask = 2147483647;
			files = (
				A761AD1EF6222DF57B5857AD /* Pods_Volunteering_App_Volunteering_AppUITests.framework in Frameworks */,
			);
			runOnlyForDeploymentPostprocessing = 0;
		};
/* End PBXFrameworksBuildPhase section */

/* Begin PBXGroup section */
		9A5DD03325AB5C2E00592021 /* HomeViews */ = {
			isa = PBXGroup;
			children = (
				9A662F0525C5BA4F00DCC68D /* Shared */,
				9A662F0125C5BA1700DCC68D /* ModeratorGroup */,
				9A662F0225C5BA2A00DCC68D /* Student */,
				9A662F0425C5BA4200DCC68D /* Teacher */,
			);
			path = HomeViews;
			sourceTree = "<group>";
		};
		9A5DD03425AB5C5100592021 /* Login */ = {
			isa = PBXGroup;
			children = (
				9A9E0CFB25A295B6006BC509 /* CreateAccountView.swift */,
				9A9E0CAC25A28D1A006BC509 /* SelectionView.swift */,
				9A9E0CE325A28E90006BC509 /* LoginModel.swift */,
				9A9E0CDE25A28E85006BC509 /* LoginViewModel.swift */,
				9A9E0CE825A2914C006BC509 /* LoginView.swift */,
			);
			path = Login;
			sourceTree = "<group>";
		};
		9A5DD03525AB5C8800592021 /* Startup Files */ = {
			isa = PBXGroup;
			children = (
				9A9E0CAA25A28D1A006BC509 /* SceneDelegate.swift */,
				9A9E0CA825A28D1A006BC509 /* AppDelegate.swift */,
			);
			path = "Startup Files";
			sourceTree = "<group>";
		};
		9A5DD03925AB5D1200592021 /* Models */ = {
			isa = PBXGroup;
			children = (
				9A5DD01F25AB50E700592021 /* RoleEnum.swift */,
				9A5DD03A25AB5D2E00592021 /* User.swift */,
				9A6276EA25C5BF7A00A5A242 /* Events.swift */,
				9AEE69D725F449D600976AC9 /* EventsSort.swift */,
			);
			path = Models;
			sourceTree = "<group>";
		};
		9A662F0125C5BA1700DCC68D /* ModeratorGroup */ = {
			isa = PBXGroup;
			children = (
			);
			path = ModeratorGroup;
			sourceTree = "<group>";
		};
		9A662F0225C5BA2A00DCC68D /* Student */ = {
			isa = PBXGroup;
			children = (
				9A8175B625D749A300491E0C /* StudentTasksView.swift */,
			);
			path = Student;
			sourceTree = "<group>";
		};
		9A662F0425C5BA4200DCC68D /* Teacher */ = {
			isa = PBXGroup;
			children = (
			);
			path = Teacher;
			sourceTree = "<group>";
		};
		9A662F0525C5BA4F00DCC68D /* Shared */ = {
			isa = PBXGroup;
			children = (
				9A662F0625C5BA7600DCC68D /* ProfileView.swift */,
				9A662F1625C5BCD600DCC68D /* CalenderView.swift */,
				9A8175C625D752B800491E0C /* CreateEventView.swift */,
				9A6276EF25C5C4E100A5A242 /* DetailedEventView.swift */,
				9A425C1A26430FA00049AD0B /* HomeView.swift */,
			);
			path = Shared;
			sourceTree = "<group>";
		};
		9A9E0C9C25A28D1A006BC509 = {
			isa = PBXGroup;
			children = (
				9A9E0CA725A28D1A006BC509 /* Volunteering App */,
				9A9E0CC125A28D1F006BC509 /* Volunteering AppTests */,
				9A9E0CCC25A28D1F006BC509 /* Volunteering AppUITests */,
				9A9E0CA625A28D1A006BC509 /* Products */,
				B2A17A472DD836764C4153C9 /* Pods */,
				F6DB99AC7193FB89E97FB9B1 /* Frameworks */,
			);
			sourceTree = "<group>";
		};
		9A9E0CA625A28D1A006BC509 /* Products */ = {
			isa = PBXGroup;
			children = (
				9A9E0CA525A28D1A006BC509 /* Volunteering App.app */,
				9A9E0CBE25A28D1F006BC509 /* Volunteering AppTests.xctest */,
				9A9E0CC925A28D1F006BC509 /* Volunteering AppUITests.xctest */,
			);
			name = Products;
			sourceTree = "<group>";
		};
		9A9E0CA725A28D1A006BC509 /* Volunteering App */ = {
			isa = PBXGroup;
			children = (
				9A5DD03925AB5D1200592021 /* Models */,
				9A5DD03525AB5C8800592021 /* Startup Files */,
				9A5DD03425AB5C5100592021 /* Login */,
				9A5DD03325AB5C2E00592021 /* HomeViews */,
				9A9E0CB125A28D1E006BC509 /* Assets.xcassets */,
				9A9E0CB625A28D1E006BC509 /* LaunchScreen.storyboard */,
				9AEE69DC25F5D93E00976AC9 /* GoogleService-Info.plist */,
				9A9E0CB925A28D1E006BC509 /* Info.plist */,
				9A9E0CAE25A28D1A006BC509 /* Volunteering_App.xcdatamodeld */,
				9A9E0CB325A28D1E006BC509 /* Preview Content */,
			);
			path = "Volunteering App";
			sourceTree = "<group>";
		};
		9A9E0CB325A28D1E006BC509 /* Preview Content */ = {
			isa = PBXGroup;
			children = (
				9A9E0CB425A28D1E006BC509 /* Preview Assets.xcassets */,
			);
			path = "Preview Content";
			sourceTree = "<group>";
		};
		9A9E0CC125A28D1F006BC509 /* Volunteering AppTests */ = {
			isa = PBXGroup;
			children = (
				9A9E0CC225A28D1F006BC509 /* Volunteering_AppTests.swift */,
				9A9E0CC425A28D1F006BC509 /* Info.plist */,
			);
			path = "Volunteering AppTests";
			sourceTree = "<group>";
		};
		9A9E0CCC25A28D1F006BC509 /* Volunteering AppUITests */ = {
			isa = PBXGroup;
			children = (
				9A9E0CCD25A28D1F006BC509 /* Volunteering_AppUITests.swift */,
				9A9E0CCF25A28D1F006BC509 /* Info.plist */,
			);
			path = "Volunteering AppUITests";
			sourceTree = "<group>";
		};
		B2A17A472DD836764C4153C9 /* Pods */ = {
			isa = PBXGroup;
			children = (
				1F91A98D105BE4A40A60FB28 /* Pods-Volunteering App.debug.xcconfig */,
				D77852387799955115EA2BA3 /* Pods-Volunteering App.release.xcconfig */,
				A168ADDD910B39B16C583247 /* Pods-Volunteering App-Volunteering AppUITests.debug.xcconfig */,
				C512302397A382A73D560BD2 /* Pods-Volunteering App-Volunteering AppUITests.release.xcconfig */,
				38891CE8AFD4CD62EF1F24BE /* Pods-Volunteering AppTests.debug.xcconfig */,
				67D6F1C1146382D3D5374C2F /* Pods-Volunteering AppTests.release.xcconfig */,
			);
			path = Pods;
			sourceTree = "<group>";
		};
		F6DB99AC7193FB89E97FB9B1 /* Frameworks */ = {
			isa = PBXGroup;
			children = (
				536F579894520F511874A943 /* Pods_Volunteering_App.framework */,
				46009E3B5FFD41805F9AC214 /* Pods_Volunteering_App_Volunteering_AppUITests.framework */,
				22B96CBAEA721008DB770AD5 /* Pods_Volunteering_AppTests.framework */,
			);
			name = Frameworks;
			sourceTree = "<group>";
		};
/* End PBXGroup section */

/* Begin PBXNativeTarget section */
		9A9E0CA425A28D1A006BC509 /* Volunteering App */ = {
			isa = PBXNativeTarget;
			buildConfigurationList = 9A9E0CD225A28D1F006BC509 /* Build configuration list for PBXNativeTarget "Volunteering App" */;
			buildPhases = (
				09322056CDAE415B501836A4 /* [CP] Check Pods Manifest.lock */,
				9A9E0CA125A28D1A006BC509 /* Sources */,
				9A9E0CA225A28D1A006BC509 /* Frameworks */,
				9A9E0CA325A28D1A006BC509 /* Resources */,
				41C441D0B14C76D8849333FA /* [CP] Embed Pods Frameworks */,
			);
			buildRules = (
			);
			dependencies = (
			);
			name = "Volunteering App";
			packageProductDependencies = (
				9A425C312644B85B0049AD0B /* DateGrid */,
			);
			productName = "Volunteering App";
			productReference = 9A9E0CA525A28D1A006BC509 /* Volunteering App.app */;
			productType = "com.apple.product-type.application";
		};
		9A9E0CBD25A28D1F006BC509 /* Volunteering AppTests */ = {
			isa = PBXNativeTarget;
			buildConfigurationList = 9A9E0CD525A28D1F006BC509 /* Build configuration list for PBXNativeTarget "Volunteering AppTests" */;
			buildPhases = (
				F10FDCA70D8CADEDF5D55898 /* [CP] Check Pods Manifest.lock */,
				9A9E0CBA25A28D1F006BC509 /* Sources */,
				9A9E0CBB25A28D1F006BC509 /* Frameworks */,
				9A9E0CBC25A28D1F006BC509 /* Resources */,
			);
			buildRules = (
			);
			dependencies = (
				9A9E0CC025A28D1F006BC509 /* PBXTargetDependency */,
			);
			name = "Volunteering AppTests";
			productName = "Volunteering AppTests";
			productReference = 9A9E0CBE25A28D1F006BC509 /* Volunteering AppTests.xctest */;
			productType = "com.apple.product-type.bundle.unit-test";
		};
		9A9E0CC825A28D1F006BC509 /* Volunteering AppUITests */ = {
			isa = PBXNativeTarget;
			buildConfigurationList = 9A9E0CD825A28D1F006BC509 /* Build configuration list for PBXNativeTarget "Volunteering AppUITests" */;
			buildPhases = (
				206E35CC8F0BF3ABBEB82B4C /* [CP] Check Pods Manifest.lock */,
				9A9E0CC525A28D1F006BC509 /* Sources */,
				9A9E0CC625A28D1F006BC509 /* Frameworks */,
				9A9E0CC725A28D1F006BC509 /* Resources */,
				4370530DD6200E73006B46A4 /* [CP] Embed Pods Frameworks */,
			);
			buildRules = (
			);
			dependencies = (
				9A9E0CCB25A28D1F006BC509 /* PBXTargetDependency */,
			);
			name = "Volunteering AppUITests";
			productName = "Volunteering AppUITests";
			productReference = 9A9E0CC925A28D1F006BC509 /* Volunteering AppUITests.xctest */;
			productType = "com.apple.product-type.bundle.ui-testing";
		};
/* End PBXNativeTarget section */

/* Begin PBXProject section */
		9A9E0C9D25A28D1A006BC509 /* Project object */ = {
			isa = PBXProject;
			attributes = {
				LastSwiftUpdateCheck = 1230;
				LastUpgradeCheck = 1230;
				TargetAttributes = {
					9A9E0CA425A28D1A006BC509 = {
						CreatedOnToolsVersion = 12.3;
					};
					9A9E0CBD25A28D1F006BC509 = {
						CreatedOnToolsVersion = 12.3;
						TestTargetID = 9A9E0CA425A28D1A006BC509;
					};
					9A9E0CC825A28D1F006BC509 = {
						CreatedOnToolsVersion = 12.3;
						TestTargetID = 9A9E0CA425A28D1A006BC509;
					};
				};
			};
			buildConfigurationList = 9A9E0CA025A28D1A006BC509 /* Build configuration list for PBXProject "Volunteering App" */;
			compatibilityVersion = "Xcode 9.3";
			developmentRegion = en;
			hasScannedForEncodings = 0;
			knownRegions = (
				en,
				Base,
			);
			mainGroup = 9A9E0C9C25A28D1A006BC509;
			packageReferences = (
				9A425C302644B85B0049AD0B /* XCRemoteSwiftPackageReference "DateGrid" */,
			);
			productRefGroup = 9A9E0CA625A28D1A006BC509 /* Products */;
			projectDirPath = "";
			projectRoot = "";
			targets = (
				9A9E0CA425A28D1A006BC509 /* Volunteering App */,
				9A9E0CBD25A28D1F006BC509 /* Volunteering AppTests */,
				9A9E0CC825A28D1F006BC509 /* Volunteering AppUITests */,
			);
		};
/* End PBXProject section */

/* Begin PBXResourcesBuildPhase section */
		9A9E0CA325A28D1A006BC509 /* Resources */ = {
			isa = PBXResourcesBuildPhase;
			buildActionMask = 2147483647;
			files = (
				9A9E0CB825A28D1E006BC509 /* LaunchScreen.storyboard in Resources */,
				9AEE69DD25F5D93F00976AC9 /* GoogleService-Info.plist in Resources */,
				9A9E0CB525A28D1E006BC509 /* Preview Assets.xcassets in Resources */,
				9A9E0CB225A28D1E006BC509 /* Assets.xcassets in Resources */,
			);
			runOnlyForDeploymentPostprocessing = 0;
		};
		9A9E0CBC25A28D1F006BC509 /* Resources */ = {
			isa = PBXResourcesBuildPhase;
			buildActionMask = 2147483647;
			files = (
			);
			runOnlyForDeploymentPostprocessing = 0;
		};
		9A9E0CC725A28D1F006BC509 /* Resources */ = {
			isa = PBXResourcesBuildPhase;
			buildActionMask = 2147483647;
			files = (
			);
			runOnlyForDeploymentPostprocessing = 0;
		};
/* End PBXResourcesBuildPhase section */

/* Begin PBXShellScriptBuildPhase section */
		09322056CDAE415B501836A4 /* [CP] Check Pods Manifest.lock */ = {
			isa = PBXShellScriptBuildPhase;
			buildActionMask = 2147483647;
			files = (
			);
			inputFileListPaths = (
			);
			inputPaths = (
				"${PODS_PODFILE_DIR_PATH}/Podfile.lock",
				"${PODS_ROOT}/Manifest.lock",
			);
			name = "[CP] Check Pods Manifest.lock";
			outputFileListPaths = (
			);
			outputPaths = (
				"$(DERIVED_FILE_DIR)/Pods-Volunteering App-checkManifestLockResult.txt",
			);
			runOnlyForDeploymentPostprocessing = 0;
			shellPath = /bin/sh;
			shellScript = "diff \"${PODS_PODFILE_DIR_PATH}/Podfile.lock\" \"${PODS_ROOT}/Manifest.lock\" > /dev/null\nif [ $? != 0 ] ; then\n    # print error to STDERR\n    echo \"error: The sandbox is not in sync with the Podfile.lock. Run 'pod install' or update your CocoaPods installation.\" >&2\n    exit 1\nfi\n# This output is used by Xcode 'outputs' to avoid re-running this script phase.\necho \"SUCCESS\" > \"${SCRIPT_OUTPUT_FILE_0}\"\n";
			showEnvVarsInLog = 0;
		};
		206E35CC8F0BF3ABBEB82B4C /* [CP] Check Pods Manifest.lock */ = {
			isa = PBXShellScriptBuildPhase;
			buildActionMask = 2147483647;
			files = (
			);
			inputFileListPaths = (
			);
			inputPaths = (
				"${PODS_PODFILE_DIR_PATH}/Podfile.lock",
				"${PODS_ROOT}/Manifest.lock",
			);
			name = "[CP] Check Pods Manifest.lock";
			outputFileListPaths = (
			);
			outputPaths = (
				"$(DERIVED_FILE_DIR)/Pods-Volunteering App-Volunteering AppUITests-checkManifestLockResult.txt",
			);
			runOnlyForDeploymentPostprocessing = 0;
			shellPath = /bin/sh;
			shellScript = "diff \"${PODS_PODFILE_DIR_PATH}/Podfile.lock\" \"${PODS_ROOT}/Manifest.lock\" > /dev/null\nif [ $? != 0 ] ; then\n    # print error to STDERR\n    echo \"error: The sandbox is not in sync with the Podfile.lock. Run 'pod install' or update your CocoaPods installation.\" >&2\n    exit 1\nfi\n# This output is used by Xcode 'outputs' to avoid re-running this script phase.\necho \"SUCCESS\" > \"${SCRIPT_OUTPUT_FILE_0}\"\n";
			showEnvVarsInLog = 0;
		};
		41C441D0B14C76D8849333FA /* [CP] Embed Pods Frameworks */ = {
			isa = PBXShellScriptBuildPhase;
			buildActionMask = 2147483647;
			files = (
			);
			inputFileListPaths = (
				"${PODS_ROOT}/Target Support Files/Pods-Volunteering App/Pods-Volunteering App-frameworks-${CONFIGURATION}-input-files.xcfilelist",
			);
			name = "[CP] Embed Pods Frameworks";
			outputFileListPaths = (
				"${PODS_ROOT}/Target Support Files/Pods-Volunteering App/Pods-Volunteering App-frameworks-${CONFIGURATION}-output-files.xcfilelist",
			);
			runOnlyForDeploymentPostprocessing = 0;
			shellPath = /bin/sh;
			shellScript = "\"${PODS_ROOT}/Target Support Files/Pods-Volunteering App/Pods-Volunteering App-frameworks.sh\"\n";
			showEnvVarsInLog = 0;
		};
		4370530DD6200E73006B46A4 /* [CP] Embed Pods Frameworks */ = {
			isa = PBXShellScriptBuildPhase;
			buildActionMask = 2147483647;
			files = (
			);
			inputFileListPaths = (
				"${PODS_ROOT}/Target Support Files/Pods-Volunteering App-Volunteering AppUITests/Pods-Volunteering App-Volunteering AppUITests-frameworks-${CONFIGURATION}-input-files.xcfilelist",
			);
			name = "[CP] Embed Pods Frameworks";
			outputFileListPaths = (
				"${PODS_ROOT}/Target Support Files/Pods-Volunteering App-Volunteering AppUITests/Pods-Volunteering App-Volunteering AppUITests-frameworks-${CONFIGURATION}-output-files.xcfilelist",
			);
			runOnlyForDeploymentPostprocessing = 0;
			shellPath = /bin/sh;
			shellScript = "\"${PODS_ROOT}/Target Support Files/Pods-Volunteering App-Volunteering AppUITests/Pods-Volunteering App-Volunteering AppUITests-frameworks.sh\"\n";
			showEnvVarsInLog = 0;
		};
		F10FDCA70D8CADEDF5D55898 /* [CP] Check Pods Manifest.lock */ = {
			isa = PBXShellScriptBuildPhase;
			buildActionMask = 2147483647;
			files = (
			);
			inputFileListPaths = (
			);
			inputPaths = (
				"${PODS_PODFILE_DIR_PATH}/Podfile.lock",
				"${PODS_ROOT}/Manifest.lock",
			);
			name = "[CP] Check Pods Manifest.lock";
			outputFileListPaths = (
			);
			outputPaths = (
				"$(DERIVED_FILE_DIR)/Pods-Volunteering AppTests-checkManifestLockResult.txt",
			);
			runOnlyForDeploymentPostprocessing = 0;
			shellPath = /bin/sh;
			shellScript = "diff \"${PODS_PODFILE_DIR_PATH}/Podfile.lock\" \"${PODS_ROOT}/Manifest.lock\" > /dev/null\nif [ $? != 0 ] ; then\n    # print error to STDERR\n    echo \"error: The sandbox is not in sync with the Podfile.lock. Run 'pod install' or update your CocoaPods installation.\" >&2\n    exit 1\nfi\n# This output is used by Xcode 'outputs' to avoid re-running this script phase.\necho \"SUCCESS\" > \"${SCRIPT_OUTPUT_FILE_0}\"\n";
			showEnvVarsInLog = 0;
		};
/* End PBXShellScriptBuildPhase section */

/* Begin PBXSourcesBuildPhase section */
		9A9E0CA125A28D1A006BC509 /* Sources */ = {
			isa = PBXSourcesBuildPhase;
			buildActionMask = 2147483647;
			files = (
				9A5DD03B25AB5D2E00592021 /* User.swift in Sources */,
				9A9E0CA925A28D1A006BC509 /* AppDelegate.swift in Sources */,
				9A9E0CE425A28E90006BC509 /* LoginModel.swift in Sources */,
				9AEE69D825F449D600976AC9 /* EventsSort.swift in Sources */,
				9A8175B725D749A300491E0C /* StudentTasksView.swift in Sources */,
				9A662F1725C5BCD600DCC68D /* CalenderView.swift in Sources */,
				9A9E0CE925A2914C006BC509 /* LoginView.swift in Sources */,
				9A9E0CAB25A28D1A006BC509 /* SceneDelegate.swift in Sources */,
				9A9E0CAD25A28D1A006BC509 /* SelectionView.swift in Sources */,
				9A9E0CDF25A28E85006BC509 /* LoginViewModel.swift in Sources */,
				9A5DD02025AB50E700592021 /* RoleEnum.swift in Sources */,
				9A6276F025C5C4E100A5A242 /* DetailedEventView.swift in Sources */,
				9A425C1B26430FA00049AD0B /* HomeView.swift in Sources */,
				9A9E0CFC25A295B6006BC509 /* CreateAccountView.swift in Sources */,
				9A6276EB25C5BF7A00A5A242 /* Events.swift in Sources */,
				9A8175C725D752B800491E0C /* CreateEventView.swift in Sources */,
				9A662F0725C5BA7600DCC68D /* ProfileView.swift in Sources */,
				9A9E0CB025A28D1A006BC509 /* Volunteering_App.xcdatamodeld in Sources */,
			);
			runOnlyForDeploymentPostprocessing = 0;
		};
		9A9E0CBA25A28D1F006BC509 /* Sources */ = {
			isa = PBXSourcesBuildPhase;
			buildActionMask = 2147483647;
			files = (
				9A9E0CC325A28D1F006BC509 /* Volunteering_AppTests.swift in Sources */,
			);
			runOnlyForDeploymentPostprocessing = 0;
		};
		9A9E0CC525A28D1F006BC509 /* Sources */ = {
			isa = PBXSourcesBuildPhase;
			buildActionMask = 2147483647;
			files = (
				9A9E0CCE25A28D1F006BC509 /* Volunteering_AppUITests.swift in Sources */,
			);
			runOnlyForDeploymentPostprocessing = 0;
		};
/* End PBXSourcesBuildPhase section */

/* Begin PBXTargetDependency section */
		9A9E0CC025A28D1F006BC509 /* PBXTargetDependency */ = {
			isa = PBXTargetDependency;
			target = 9A9E0CA425A28D1A006BC509 /* Volunteering App */;
			targetProxy = 9A9E0CBF25A28D1F006BC509 /* PBXContainerItemProxy */;
		};
		9A9E0CCB25A28D1F006BC509 /* PBXTargetDependency */ = {
			isa = PBXTargetDependency;
			target = 9A9E0CA425A28D1A006BC509 /* Volunteering App */;
			targetProxy = 9A9E0CCA25A28D1F006BC509 /* PBXContainerItemProxy */;
		};
/* End PBXTargetDependency section */

/* Begin PBXVariantGroup section */
		9A9E0CB625A28D1E006BC509 /* LaunchScreen.storyboard */ = {
			isa = PBXVariantGroup;
			children = (
				9A9E0CB725A28D1E006BC509 /* Base */,
			);
			name = LaunchScreen.storyboard;
			sourceTree = "<group>";
		};
/* End PBXVariantGroup section */

/* Begin XCBuildConfiguration section */
		9A9E0CD025A28D1F006BC509 /* Debug */ = {
			isa = XCBuildConfiguration;
			buildSettings = {
				ALWAYS_SEARCH_USER_PATHS = NO;
				CLANG_ANALYZER_NONNULL = YES;
				CLANG_ANALYZER_NUMBER_OBJECT_CONVERSION = YES_AGGRESSIVE;
				CLANG_CXX_LANGUAGE_STANDARD = "gnu++14";
				CLANG_CXX_LIBRARY = "libc++";
				CLANG_ENABLE_MODULES = YES;
				CLANG_ENABLE_OBJC_ARC = YES;
				CLANG_ENABLE_OBJC_WEAK = YES;
				CLANG_WARN_BLOCK_CAPTURE_AUTORELEASING = YES;
				CLANG_WARN_BOOL_CONVERSION = YES;
				CLANG_WARN_COMMA = YES;
				CLANG_WARN_CONSTANT_CONVERSION = YES;
				CLANG_WARN_DEPRECATED_OBJC_IMPLEMENTATIONS = YES;
				CLANG_WARN_DIRECT_OBJC_ISA_USAGE = YES_ERROR;
				CLANG_WARN_DOCUMENTATION_COMMENTS = YES;
				CLANG_WARN_EMPTY_BODY = YES;
				CLANG_WARN_ENUM_CONVERSION = YES;
				CLANG_WARN_INFINITE_RECURSION = YES;
				CLANG_WARN_INT_CONVERSION = YES;
				CLANG_WARN_NON_LITERAL_NULL_CONVERSION = YES;
				CLANG_WARN_OBJC_IMPLICIT_RETAIN_SELF = YES;
				CLANG_WARN_OBJC_LITERAL_CONVERSION = YES;
				CLANG_WARN_OBJC_ROOT_CLASS = YES_ERROR;
				CLANG_WARN_QUOTED_INCLUDE_IN_FRAMEWORK_HEADER = YES;
				CLANG_WARN_RANGE_LOOP_ANALYSIS = YES;
				CLANG_WARN_STRICT_PROTOTYPES = YES;
				CLANG_WARN_SUSPICIOUS_MOVE = YES;
				CLANG_WARN_UNGUARDED_AVAILABILITY = YES_AGGRESSIVE;
				CLANG_WARN_UNREACHABLE_CODE = YES;
				CLANG_WARN__DUPLICATE_METHOD_MATCH = YES;
				COPY_PHASE_STRIP = NO;
				DEBUG_INFORMATION_FORMAT = dwarf;
				ENABLE_STRICT_OBJC_MSGSEND = YES;
				ENABLE_TESTABILITY = YES;
				GCC_C_LANGUAGE_STANDARD = gnu11;
				GCC_DYNAMIC_NO_PIC = NO;
				GCC_NO_COMMON_BLOCKS = YES;
				GCC_OPTIMIZATION_LEVEL = 0;
				GCC_PREPROCESSOR_DEFINITIONS = (
					"DEBUG=1",
					"$(inherited)",
				);
				GCC_WARN_64_TO_32_BIT_CONVERSION = YES;
				GCC_WARN_ABOUT_RETURN_TYPE = YES_ERROR;
				GCC_WARN_UNDECLARED_SELECTOR = YES;
				GCC_WARN_UNINITIALIZED_AUTOS = YES_AGGRESSIVE;
				GCC_WARN_UNUSED_FUNCTION = YES;
				GCC_WARN_UNUSED_VARIABLE = YES;
				IPHONEOS_DEPLOYMENT_TARGET = 14.3;
				MTL_ENABLE_DEBUG_INFO = INCLUDE_SOURCE;
				MTL_FAST_MATH = YES;
				ONLY_ACTIVE_ARCH = YES;
				SDKROOT = iphoneos;
				SWIFT_ACTIVE_COMPILATION_CONDITIONS = DEBUG;
				SWIFT_OPTIMIZATION_LEVEL = "-Onone";
			};
			name = Debug;
		};
		9A9E0CD125A28D1F006BC509 /* Release */ = {
			isa = XCBuildConfiguration;
			buildSettings = {
				ALWAYS_SEARCH_USER_PATHS = NO;
				CLANG_ANALYZER_NONNULL = YES;
				CLANG_ANALYZER_NUMBER_OBJECT_CONVERSION = YES_AGGRESSIVE;
				CLANG_CXX_LANGUAGE_STANDARD = "gnu++14";
				CLANG_CXX_LIBRARY = "libc++";
				CLANG_ENABLE_MODULES = YES;
				CLANG_ENABLE_OBJC_ARC = YES;
				CLANG_ENABLE_OBJC_WEAK = YES;
				CLANG_WARN_BLOCK_CAPTURE_AUTORELEASING = YES;
				CLANG_WARN_BOOL_CONVERSION = YES;
				CLANG_WARN_COMMA = YES;
				CLANG_WARN_CONSTANT_CONVERSION = YES;
				CLANG_WARN_DEPRECATED_OBJC_IMPLEMENTATIONS = YES;
				CLANG_WARN_DIRECT_OBJC_ISA_USAGE = YES_ERROR;
				CLANG_WARN_DOCUMENTATION_COMMENTS = YES;
				CLANG_WARN_EMPTY_BODY = YES;
				CLANG_WARN_ENUM_CONVERSION = YES;
				CLANG_WARN_INFINITE_RECURSION = YES;
				CLANG_WARN_INT_CONVERSION = YES;
				CLANG_WARN_NON_LITERAL_NULL_CONVERSION = YES;
				CLANG_WARN_OBJC_IMPLICIT_RETAIN_SELF = YES;
				CLANG_WARN_OBJC_LITERAL_CONVERSION = YES;
				CLANG_WARN_OBJC_ROOT_CLASS = YES_ERROR;
				CLANG_WARN_QUOTED_INCLUDE_IN_FRAMEWORK_HEADER = YES;
				CLANG_WARN_RANGE_LOOP_ANALYSIS = YES;
				CLANG_WARN_STRICT_PROTOTYPES = YES;
				CLANG_WARN_SUSPICIOUS_MOVE = YES;
				CLANG_WARN_UNGUARDED_AVAILABILITY = YES_AGGRESSIVE;
				CLANG_WARN_UNREACHABLE_CODE = YES;
				CLANG_WARN__DUPLICATE_METHOD_MATCH = YES;
				COPY_PHASE_STRIP = NO;
				DEBUG_INFORMATION_FORMAT = "dwarf-with-dsym";
				ENABLE_NS_ASSERTIONS = NO;
				ENABLE_STRICT_OBJC_MSGSEND = YES;
				GCC_C_LANGUAGE_STANDARD = gnu11;
				GCC_NO_COMMON_BLOCKS = YES;
				GCC_WARN_64_TO_32_BIT_CONVERSION = YES;
				GCC_WARN_ABOUT_RETURN_TYPE = YES_ERROR;
				GCC_WARN_UNDECLARED_SELECTOR = YES;
				GCC_WARN_UNINITIALIZED_AUTOS = YES_AGGRESSIVE;
				GCC_WARN_UNUSED_FUNCTION = YES;
				GCC_WARN_UNUSED_VARIABLE = YES;
				IPHONEOS_DEPLOYMENT_TARGET = 14.3;
				MTL_ENABLE_DEBUG_INFO = NO;
				MTL_FAST_MATH = YES;
				SDKROOT = iphoneos;
				SWIFT_COMPILATION_MODE = wholemodule;
				SWIFT_OPTIMIZATION_LEVEL = "-O";
				VALIDATE_PRODUCT = YES;
			};
			name = Release;
		};
		9A9E0CD325A28D1F006BC509 /* Debug */ = {
			isa = XCBuildConfiguration;
			baseConfigurationReference = 1F91A98D105BE4A40A60FB28 /* Pods-Volunteering App.debug.xcconfig */;
			buildSettings = {
				ASSETCATALOG_COMPILER_APPICON_NAME = AppIcon;
				ASSETCATALOG_COMPILER_GLOBAL_ACCENT_COLOR_NAME = AccentColor;
				CODE_SIGN_STYLE = Automatic;
				DEVELOPMENT_ASSET_PATHS = "\"Volunteering App/Preview Content\"";
				DEVELOPMENT_TEAM = 2556TP4B32;
				ENABLE_PREVIEWS = YES;
				INFOPLIST_FILE = "Volunteering App/Info.plist";
				LD_RUNPATH_SEARCH_PATHS = (
					"$(inherited)",
					"@executable_path/Frameworks",
				);
				PRODUCT_BUNDLE_IDENTIFIER = "DevochskaSarangdevot.Volunteering-App";
				PRODUCT_NAME = "$(TARGET_NAME)";
				SWIFT_VERSION = 5.0;
				TARGETED_DEVICE_FAMILY = "1,2";
			};
			name = Debug;
		};
		9A9E0CD425A28D1F006BC509 /* Release */ = {
			isa = XCBuildConfiguration;
			baseConfigurationReference = D77852387799955115EA2BA3 /* Pods-Volunteering App.release.xcconfig */;
			buildSettings = {
				ASSETCATALOG_COMPILER_APPICON_NAME = AppIcon;
				ASSETCATALOG_COMPILER_GLOBAL_ACCENT_COLOR_NAME = AccentColor;
				CODE_SIGN_STYLE = Automatic;
				DEVELOPMENT_ASSET_PATHS = "\"Volunteering App/Preview Content\"";
				DEVELOPMENT_TEAM = 2556TP4B32;
				ENABLE_PREVIEWS = YES;
				INFOPLIST_FILE = "Volunteering App/Info.plist";
				LD_RUNPATH_SEARCH_PATHS = (
					"$(inherited)",
					"@executable_path/Frameworks",
				);
				PRODUCT_BUNDLE_IDENTIFIER = "DevochskaSarangdevot.Volunteering-App";
				PRODUCT_NAME = "$(TARGET_NAME)";
				SWIFT_VERSION = 5.0;
				TARGETED_DEVICE_FAMILY = "1,2";
			};
			name = Release;
		};
		9A9E0CD625A28D1F006BC509 /* Debug */ = {
			isa = XCBuildConfiguration;
			baseConfigurationReference = 38891CE8AFD4CD62EF1F24BE /* Pods-Volunteering AppTests.debug.xcconfig */;
			buildSettings = {
				ALWAYS_EMBED_SWIFT_STANDARD_LIBRARIES = YES;
				BUNDLE_LOADER = "$(TEST_HOST)";
				CODE_SIGN_STYLE = Automatic;
				DEVELOPMENT_TEAM = 2556TP4B32;
				INFOPLIST_FILE = "Volunteering AppTests/Info.plist";
				IPHONEOS_DEPLOYMENT_TARGET = 14.3;
				LD_RUNPATH_SEARCH_PATHS = (
					"$(inherited)",
					"@executable_path/Frameworks",
					"@loader_path/Frameworks",
				);
				PRODUCT_BUNDLE_IDENTIFIER = "DevochskaSarangdevot.Volunteering-AppTests";
				PRODUCT_NAME = "$(TARGET_NAME)";
				SWIFT_VERSION = 5.0;
				TARGETED_DEVICE_FAMILY = "1,2";
				TEST_HOST = "$(BUILT_PRODUCTS_DIR)/Volunteering App.app/Volunteering App";
			};
			name = Debug;
		};
		9A9E0CD725A28D1F006BC509 /* Release */ = {
			isa = XCBuildConfiguration;
			baseConfigurationReference = 67D6F1C1146382D3D5374C2F /* Pods-Volunteering AppTests.release.xcconfig */;
			buildSettings = {
				ALWAYS_EMBED_SWIFT_STANDARD_LIBRARIES = YES;
				BUNDLE_LOADER = "$(TEST_HOST)";
				CODE_SIGN_STYLE = Automatic;
				DEVELOPMENT_TEAM = 2556TP4B32;
				INFOPLIST_FILE = "Volunteering AppTests/Info.plist";
				IPHONEOS_DEPLOYMENT_TARGET = 14.3;
				LD_RUNPATH_SEARCH_PATHS = (
					"$(inherited)",
					"@executable_path/Frameworks",
					"@loader_path/Frameworks",
				);
				PRODUCT_BUNDLE_IDENTIFIER = "DevochskaSarangdevot.Volunteering-AppTests";
				PRODUCT_NAME = "$(TARGET_NAME)";
				SWIFT_VERSION = 5.0;
				TARGETED_DEVICE_FAMILY = "1,2";
				TEST_HOST = "$(BUILT_PRODUCTS_DIR)/Volunteering App.app/Volunteering App";
			};
			name = Release;
		};
		9A9E0CD925A28D1F006BC509 /* Debug */ = {
			isa = XCBuildConfiguration;
			baseConfigurationReference = A168ADDD910B39B16C583247 /* Pods-Volunteering App-Volunteering AppUITests.debug.xcconfig */;
			buildSettings = {
				ALWAYS_EMBED_SWIFT_STANDARD_LIBRARIES = YES;
				CODE_SIGN_STYLE = Automatic;
				DEVELOPMENT_TEAM = 2556TP4B32;
				INFOPLIST_FILE = "Volunteering AppUITests/Info.plist";
				LD_RUNPATH_SEARCH_PATHS = (
					"$(inherited)",
					"@executable_path/Frameworks",
					"@loader_path/Frameworks",
				);
				PRODUCT_BUNDLE_IDENTIFIER = "DevochskaSarangdevot.Volunteering-AppUITests";
				PRODUCT_NAME = "$(TARGET_NAME)";
				SWIFT_VERSION = 5.0;
				TARGETED_DEVICE_FAMILY = "1,2";
				TEST_TARGET_NAME = "Volunteering App";
			};
			name = Debug;
		};
		9A9E0CDA25A28D1F006BC509 /* Release */ = {
			isa = XCBuildConfiguration;
			baseConfigurationReference = C512302397A382A73D560BD2 /* Pods-Volunteering App-Volunteering AppUITests.release.xcconfig */;
			buildSettings = {
				ALWAYS_EMBED_SWIFT_STANDARD_LIBRARIES = YES;
				CODE_SIGN_STYLE = Automatic;
				DEVELOPMENT_TEAM = 2556TP4B32;
				INFOPLIST_FILE = "Volunteering AppUITests/Info.plist";
				LD_RUNPATH_SEARCH_PATHS = (
					"$(inherited)",
					"@executable_path/Frameworks",
					"@loader_path/Frameworks",
				);
				PRODUCT_BUNDLE_IDENTIFIER = "DevochskaSarangdevot.Volunteering-AppUITests";
				PRODUCT_NAME = "$(TARGET_NAME)";
				SWIFT_VERSION = 5.0;
				TARGETED_DEVICE_FAMILY = "1,2";
				TEST_TARGET_NAME = "Volunteering App";
			};
			name = Release;
		};
/* End XCBuildConfiguration section */

/* Begin XCConfigurationList section */
		9A9E0CA025A28D1A006BC509 /* Build configuration list for PBXProject "Volunteering App" */ = {
			isa = XCConfigurationList;
			buildConfigurations = (
				9A9E0CD025A28D1F006BC509 /* Debug */,
				9A9E0CD125A28D1F006BC509 /* Release */,
			);
			defaultConfigurationIsVisible = 0;
			defaultConfigurationName = Release;
		};
		9A9E0CD225A28D1F006BC509 /* Build configuration list for PBXNativeTarget "Volunteering App" */ = {
			isa = XCConfigurationList;
			buildConfigurations = (
				9A9E0CD325A28D1F006BC509 /* Debug */,
				9A9E0CD425A28D1F006BC509 /* Release */,
			);
			defaultConfigurationIsVisible = 0;
			defaultConfigurationName = Release;
		};
		9A9E0CD525A28D1F006BC509 /* Build configuration list for PBXNativeTarget "Volunteering AppTests" */ = {
			isa = XCConfigurationList;
			buildConfigurations = (
				9A9E0CD625A28D1F006BC509 /* Debug */,
				9A9E0CD725A28D1F006BC509 /* Release */,
			);
			defaultConfigurationIsVisible = 0;
			defaultConfigurationName = Release;
		};
		9A9E0CD825A28D1F006BC509 /* Build configuration list for PBXNativeTarget "Volunteering AppUITests" */ = {
			isa = XCConfigurationList;
			buildConfigurations = (
				9A9E0CD925A28D1F006BC509 /* Debug */,
				9A9E0CDA25A28D1F006BC509 /* Release */,
			);
			defaultConfigurationIsVisible = 0;
			defaultConfigurationName = Release;
		};
/* End XCConfigurationList section */

/* Begin XCRemoteSwiftPackageReference section */
		9A425C302644B85B0049AD0B /* XCRemoteSwiftPackageReference "DateGrid" */ = {
			isa = XCRemoteSwiftPackageReference;
			repositoryURL = "https://github.com/yodagamaheshan/DateGrid.git";
			requirement = {
				kind = upToNextMajorVersion;
				minimumVersion = 0.0.3;
			};
		};
/* End XCRemoteSwiftPackageReference section */

/* Begin XCSwiftPackageProductDependency section */
		9A425C312644B85B0049AD0B /* DateGrid */ = {
			isa = XCSwiftPackageProductDependency;
			package = 9A425C302644B85B0049AD0B /* XCRemoteSwiftPackageReference "DateGrid" */;
			productName = DateGrid;
		};
/* End XCSwiftPackageProductDependency section */

/* Begin XCVersionGroup section */
		9A9E0CAE25A28D1A006BC509 /* Volunteering_App.xcdatamodeld */ = {
			isa = XCVersionGroup;
			children = (
				9A9E0CAF25A28D1A006BC509 /* Volunteering_App.xcdatamodel */,
			);
			currentVersion = 9A9E0CAF25A28D1A006BC509 /* Volunteering_App.xcdatamodel */;
			path = Volunteering_App.xcdatamodeld;
			sourceTree = "<group>";
			versionGroupType = wrapper.xcdatamodel;
		};
/* End XCVersionGroup section */
	};
	rootObject = 9A9E0C9D25A28D1A006BC509 /* Project object */;
}
